
Microsoft Visual Studio Solution File, Format Version 12.00
# Visual Studio Version 17
VisualStudioVersion = 17.8.34408.163
MinimumVisualStudioVersion = 10.0.40219.1
Project("{FAE04EC0-301F-11D3-BF4B-00C04F79EFBC}") = "GenerateGraphQL", "GenerateGraphQL\GenerateGraphQL.csproj", "{36B8A9BB-6AD6-431D-9302-66485C5DB10B}"
EndProject
Project("{FAE04EC0-301F-11D3-BF4B-00C04F79EFBC}") = "GQLG.CodeGeneration", "GQLG.CodeGeneration\GQLG.CodeGeneration.csproj", "{8D7B4C13-2D2B-4098-B1C1-BDC67189A22D}"
EndProject
Project("{FAE04EC0-301F-11D3-BF4B-00C04F79EFBC}") = "GQLG.Models", "GQLG.Models\GQLG.Models.csproj", "{A7C172A7-4C1B-4104-89B6-58AA2DF1B17F}"
EndProject
Project("{FAE04EC0-301F-11D3-BF4B-00C04F79EFBC}") = "CodeGeneration.Models", "CodeGeneration.Models\CodeGeneration.Models.csproj", "{AA2A510E-9C37-452F-A892-BA35DEA37F52}"
EndProject
Project("{FAE04EC0-301F-11D3-BF4B-00C04F79EFBC}") = "CodeGeneration.Services", "CodeGeneration.Services\CodeGeneration.Services.csproj", "{2C96852A-0FE2-4C96-9530-E858BD3CFC7E}"
EndProject
Project("{FAE04EC0-301F-11D3-BF4B-00C04F79EFBC}") = "CodeGeneration.Common", "CodeGeneration.Common\CodeGeneration.Common.csproj", "{579877E1-98E4-41C9-AA1B-66CDE88A0E79}"
EndProject
Global
	GlobalSection(SolutionConfigurationPlatforms) = preSolution
		Debug|Any CPU = Debug|Any CPU
		Release|Any CPU = Release|Any CPU
	EndGlobalSection
	GlobalSection(ProjectConfigurationPlatforms) = postSolution
		{36B8A9BB-6AD6-431D-9302-66485C5DB10B}.Debug|Any CPU.ActiveCfg = Debug|Any CPU
		{36B8A9BB-6AD6-431D-9302-66485C5DB10B}.Debug|Any CPU.Build.0 = Debug|Any CPU
		{36B8A9BB-6AD6-431D-9302-66485C5DB10B}.Release|Any CPU.ActiveCfg = Release|Any CPU
		{36B8A9BB-6AD6-431D-9302-66485C5DB10B}.Release|Any CPU.Build.0 = Release|Any CPU
		{8D7B4C13-2D2B-4098-B1C1-BDC67189A22D}.Debug|Any CPU.ActiveCfg = Debug|Any CPU
		{8D7B4C13-2D2B-4098-B1C1-BDC67189A22D}.Debug|Any CPU.Build.0 = Debug|Any CPU
		{8D7B4C13-2D2B-4098-B1C1-BDC67189A22D}.Release|Any CPU.ActiveCfg = Release|Any CPU
		{8D7B4C13-2D2B-4098-B1C1-BDC67189A22D}.Release|Any CPU.Build.0 = Release|Any CPU
		{A7C172A7-4C1B-4104-89B6-58AA2DF1B17F}.Debug|Any CPU.ActiveCfg = Debug|Any CPU
		{A7C172A7-4C1B-4104-89B6-58AA2DF1B17F}.Debug|Any CPU.Build.0 = Debug|Any CPU
		{A7C172A7-4C1B-4104-89B6-58AA2DF1B17F}.Release|Any CPU.ActiveCfg = Release|Any CPU
		{A7C172A7-4C1B-4104-89B6-58AA2DF1B17F}.Release|Any CPU.Build.0 = Release|Any CPU
		{AA2A510E-9C37-452F-A892-BA35DEA37F52}.Debug|Any CPU.ActiveCfg = Debug|Any CPU
		{AA2A510E-9C37-452F-A892-BA35DEA37F52}.Debug|Any CPU.Build.0 = Debug|Any CPU
		{AA2A510E-9C37-452F-A892-BA35DEA37F52}.Release|Any CPU.ActiveCfg = Release|Any CPU
		{AA2A510E-9C37-452F-A892-BA35DEA37F52}.Release|Any CPU.Build.0 = Release|Any CPU
		{2C96852A-0FE2-4C96-9530-E858BD3CFC7E}.Debug|Any CPU.ActiveCfg = Debug|Any CPU
		{2C96852A-0FE2-4C96-9530-E858BD3CFC7E}.Debug|Any CPU.Build.0 = Debug|Any CPU
		{2C96852A-0FE2-4C96-9530-E858BD3CFC7E}.Release|Any CPU.ActiveCfg = Release|Any CPU
		{2C96852A-0FE2-4C96-9530-E858BD3CFC7E}.Release|Any CPU.Build.0 = Release|Any CPU
		{579877E1-98E4-41C9-AA1B-66CDE88A0E79}.Debug|Any CPU.ActiveCfg = Debug|Any CPU
		{579877E1-98E4-41C9-AA1B-66CDE88A0E79}.Debug|Any CPU.Build.0 = Debug|Any CPU
		{579877E1-98E4-41C9-AA1B-66CDE88A0E79}.Release|Any CPU.ActiveCfg = Release|Any CPU
		{579877E1-98E4-41C9-AA1B-66CDE88A0E79}.Release|Any CPU.Build.0 = Release|Any CPU
	EndGlobalSection
	GlobalSection(SolutionProperties) = preSolution
		HideSolutionNode = FALSE
	EndGlobalSection
	GlobalSection(ExtensibilityGlobals) = postSolution
		SolutionGuid = {B701B066-A32E-46B2-97B8-63CE1EAEA1AA}
	EndGlobalSection
EndGlobal
