
Microsoft Visual Studio Solution File, Format Version 12.00
# Visual Studio Version 16
VisualStudioVersion = 16.0.31729.503
MinimumVisualStudioVersion = 10.0.40219.1
Project("{FAE04EC0-301F-11D3-BF4B-00C04F79EFBC}") = "GenerateGraphQL", "GenerateGraphQL\GenerateGraphQL.csproj", "{36B8A9BB-6AD6-431D-9302-66485C5DB10B}"
EndProject
Global
	GlobalSection(SolutionConfigurationPlatforms) = preSolution
		Debug|Any CPU = Debug|Any CPU
		Release|Any CPU = Release|Any CPU
	EndGlobalSection
	GlobalSection(ProjectConfigurationPlatforms) = postSolution
		{36B8A9BB-6AD6-431D-9302-66485C5DB10B}.Debug|Any CPU.ActiveCfg = Debug|Any CPU
		{36B8A9BB-6AD6-431D-9302-66485C5DB10B}.Debug|Any CPU.Build.0 = Debug|Any CPU
		{36B8A9BB-6AD6-431D-9302-66485C5DB10B}.Release|Any CPU.ActiveCfg = Release|Any CPU
		{36B8A9BB-6AD6-431D-9302-66485C5DB10B}.Release|Any CPU.Build.0 = Release|Any CPU
	EndGlobalSection
	GlobalSection(SolutionProperties) = preSolution
		HideSolutionNode = FALSE
	EndGlobalSection
	GlobalSection(ExtensibilityGlobals) = postSolution
		SolutionGuid = {B701B066-A32E-46B2-97B8-63CE1EAEA1AA}
	EndGlobalSection
EndGlobal
